// !$*UTF8*$!
{
	archiveVersion = 1;
	classes = {
	};
	objectVersion = 51;
	objects = {

/* Begin PBXBuildFile section */
		4F170A39E2AD8F685856E127 /* Pods_SearchGitHubUserAppTests.framework in Frameworks */ = {isa = PBXBuildFile; fileRef = E3804E29F0A6F98B25520040 /* Pods_SearchGitHubUserAppTests.framework */; };
		9295ED573C8DCA0DFA174BDA /* Pods_SearchGitHubUserApp.framework in Frameworks */ = {isa = PBXBuildFile; fileRef = C3EB74E99235975C98567283 /* Pods_SearchGitHubUserApp.framework */; };
		C14BE9E1243CAE3000F9663C /* UserListViewModel.swift in Sources */ = {isa = PBXBuildFile; fileRef = C14BE9E0243CAE3000F9663C /* UserListViewModel.swift */; };
		C14BE9E3243CE9DE00F9663C /* KeyBoardHeightObservable.swift in Sources */ = {isa = PBXBuildFile; fileRef = C14BE9E2243CE9DE00F9663C /* KeyBoardHeightObservable.swift */; };
		C14BE9E5243CFE4C00F9663C /* Either.swift in Sources */ = {isa = PBXBuildFile; fileRef = C14BE9E4243CFE4C00F9663C /* Either.swift */; };
		C15021B0243C8D6C00C3F01E /* AppDelegate.swift in Sources */ = {isa = PBXBuildFile; fileRef = C15021AF243C8D6C00C3F01E /* AppDelegate.swift */; };
		C15021B9243C8D6D00C3F01E /* Assets.xcassets in Resources */ = {isa = PBXBuildFile; fileRef = C15021B8243C8D6D00C3F01E /* Assets.xcassets */; };
		C15021BC243C8D6D00C3F01E /* LaunchScreen.storyboard in Resources */ = {isa = PBXBuildFile; fileRef = C15021BA243C8D6D00C3F01E /* LaunchScreen.storyboard */; };
		C15021C7243C8D6D00C3F01E /* SearchGitHubUserAppTests.swift in Sources */ = {isa = PBXBuildFile; fileRef = C15021C6243C8D6D00C3F01E /* SearchGitHubUserAppTests.swift */; };
		C15021D2243C8D6D00C3F01E /* SearchGitHubUserAppUITests.swift in Sources */ = {isa = PBXBuildFile; fileRef = C15021D1243C8D6D00C3F01E /* SearchGitHubUserAppUITests.swift */; };
		C15021E7243C8EDB00C3F01E /* R.generated.swift in Sources */ = {isa = PBXBuildFile; fileRef = C15021E6243C8EDB00C3F01E /* R.generated.swift */; };
		C15021EE243C8FC400C3F01E /* APIDataStore.swift in Sources */ = {isa = PBXBuildFile; fileRef = C15021ED243C8FC400C3F01E /* APIDataStore.swift */; };
		C15021EF243C8FC400C3F01E /* APIDataStore.swift in Sources */ = {isa = PBXBuildFile; fileRef = C15021ED243C8FC400C3F01E /* APIDataStore.swift */; };
		C15021F1243C8FEF00C3F01E /* JSONHelper.swift in Sources */ = {isa = PBXBuildFile; fileRef = C15021F0243C8FEF00C3F01E /* JSONHelper.swift */; };
		C15021F2243C8FEF00C3F01E /* JSONHelper.swift in Sources */ = {isa = PBXBuildFile; fileRef = C15021F0243C8FEF00C3F01E /* JSONHelper.swift */; };
		C15021F5243C90F600C3F01E /* APITypes.swift in Sources */ = {isa = PBXBuildFile; fileRef = C15021F4243C90F600C3F01E /* APITypes.swift */; };
		C15021F6243C90F600C3F01E /* APITypes.swift in Sources */ = {isa = PBXBuildFile; fileRef = C15021F4243C90F600C3F01E /* APITypes.swift */; };
		C15021F8243C919800C3F01E /* APITypes+UserList.swift in Sources */ = {isa = PBXBuildFile; fileRef = C15021F7243C919800C3F01E /* APITypes+UserList.swift */; };
		C15021F9243C919800C3F01E /* APITypes+UserList.swift in Sources */ = {isa = PBXBuildFile; fileRef = C15021F7243C919800C3F01E /* APITypes+UserList.swift */; };
		C15021FC243C92A600C3F01E /* UserListUseCase.swift in Sources */ = {isa = PBXBuildFile; fileRef = C15021FB243C92A600C3F01E /* UserListUseCase.swift */; };
		C15021FD243C92A600C3F01E /* UserListUseCase.swift in Sources */ = {isa = PBXBuildFile; fileRef = C15021FB243C92A600C3F01E /* UserListUseCase.swift */; };
		C15021FF243C940D00C3F01E /* User.swift in Sources */ = {isa = PBXBuildFile; fileRef = C15021FE243C940D00C3F01E /* User.swift */; };
		C1502200243C940D00C3F01E /* User.swift in Sources */ = {isa = PBXBuildFile; fileRef = C15021FE243C940D00C3F01E /* User.swift */; };
		C1502207243C9D2600C3F01E /* response.json in Resources */ = {isa = PBXBuildFile; fileRef = C1502206243C9D2600C3F01E /* response.json */; };
		C1502208243C9D2600C3F01E /* response.json in Resources */ = {isa = PBXBuildFile; fileRef = C1502206243C9D2600C3F01E /* response.json */; };
		C150220D243CA1B400C3F01E /* UserListTableViewCell.swift in Sources */ = {isa = PBXBuildFile; fileRef = C150220B243CA1B400C3F01E /* UserListTableViewCell.swift */; };
		C150220E243CA1B400C3F01E /* UserListTableViewCell.swift in Sources */ = {isa = PBXBuildFile; fileRef = C150220B243CA1B400C3F01E /* UserListTableViewCell.swift */; };
		C150220F243CA1B400C3F01E /* UserListTableViewCell.xib in Resources */ = {isa = PBXBuildFile; fileRef = C150220C243CA1B400C3F01E /* UserListTableViewCell.xib */; };
		C1502210243CA1B400C3F01E /* UserListTableViewCell.xib in Resources */ = {isa = PBXBuildFile; fileRef = C150220C243CA1B400C3F01E /* UserListTableViewCell.xib */; };
		C1502212243CA1D800C3F01E /* UserListViewController.storyboard in Resources */ = {isa = PBXBuildFile; fileRef = C1502211243CA1D800C3F01E /* UserListViewController.storyboard */; };
		C1502213243CA1D800C3F01E /* UserListViewController.storyboard in Resources */ = {isa = PBXBuildFile; fileRef = C1502211243CA1D800C3F01E /* UserListViewController.storyboard */; };
		C1502215243CA1F100C3F01E /* UserListViewController.swift in Sources */ = {isa = PBXBuildFile; fileRef = C1502214243CA1F100C3F01E /* UserListViewController.swift */; };
		C1502216243CA1F100C3F01E /* UserListViewController.swift in Sources */ = {isa = PBXBuildFile; fileRef = C1502214243CA1F100C3F01E /* UserListViewController.swift */; };
		C150221B243CA85400C3F01E /* AppConst.swift in Sources */ = {isa = PBXBuildFile; fileRef = C150221A243CA85400C3F01E /* AppConst.swift */; };
		C150221C243CA85400C3F01E /* AppConst.swift in Sources */ = {isa = PBXBuildFile; fileRef = C150221A243CA85400C3F01E /* AppConst.swift */; };
		FDEC861F1C3CB6A9E0AC4EF5 /* Pods_SearchGitHubUserApp_SearchGitHubUserAppUITests.framework in Frameworks */ = {isa = PBXBuildFile; fileRef = CBAC67897F5D858E84FB6F9D /* Pods_SearchGitHubUserApp_SearchGitHubUserAppUITests.framework */; };
/* End PBXBuildFile section */

/* Begin PBXContainerItemProxy section */
		C15021C3243C8D6D00C3F01E /* PBXContainerItemProxy */ = {
			isa = PBXContainerItemProxy;
			containerPortal = C15021A4243C8D6C00C3F01E /* Project object */;
			proxyType = 1;
			remoteGlobalIDString = C15021AB243C8D6C00C3F01E;
			remoteInfo = SearchGitHubUserApp;
		};
		C15021CE243C8D6D00C3F01E /* PBXContainerItemProxy */ = {
			isa = PBXContainerItemProxy;
			containerPortal = C15021A4243C8D6C00C3F01E /* Project object */;
			proxyType = 1;
			remoteGlobalIDString = C15021AB243C8D6C00C3F01E;
			remoteInfo = SearchGitHubUserApp;
		};
/* End PBXContainerItemProxy section */

/* Begin PBXFileReference section */
		8338BA6288E6A0C4F0A5EA7D /* Pods-SearchGitHubUserAppTests.release.xcconfig */ = {isa = PBXFileReference; includeInIndex = 1; lastKnownFileType = text.xcconfig; name = "Pods-SearchGitHubUserAppTests.release.xcconfig"; path = "Target Support Files/Pods-SearchGitHubUserAppTests/Pods-SearchGitHubUserAppTests.release.xcconfig"; sourceTree = "<group>"; };
		908F52DC6D490FC0A4A928F5 /* Pods-SearchGitHubUserApp.release.xcconfig */ = {isa = PBXFileReference; includeInIndex = 1; lastKnownFileType = text.xcconfig; name = "Pods-SearchGitHubUserApp.release.xcconfig"; path = "Target Support Files/Pods-SearchGitHubUserApp/Pods-SearchGitHubUserApp.release.xcconfig"; sourceTree = "<group>"; };
		99AEC1C5BCD8E433A60D8843 /* Pods-SearchGitHubUserAppTests.debug.xcconfig */ = {isa = PBXFileReference; includeInIndex = 1; lastKnownFileType = text.xcconfig; name = "Pods-SearchGitHubUserAppTests.debug.xcconfig"; path = "Target Support Files/Pods-SearchGitHubUserAppTests/Pods-SearchGitHubUserAppTests.debug.xcconfig"; sourceTree = "<group>"; };
		B8074ED84991D74017179030 /* Pods-SearchGitHubUserApp-SearchGitHubUserAppUITests.debug.xcconfig */ = {isa = PBXFileReference; includeInIndex = 1; lastKnownFileType = text.xcconfig; name = "Pods-SearchGitHubUserApp-SearchGitHubUserAppUITests.debug.xcconfig"; path = "Target Support Files/Pods-SearchGitHubUserApp-SearchGitHubUserAppUITests/Pods-SearchGitHubUserApp-SearchGitHubUserAppUITests.debug.xcconfig"; sourceTree = "<group>"; };
		C14BE9E0243CAE3000F9663C /* UserListViewModel.swift */ = {isa = PBXFileReference; lastKnownFileType = sourcecode.swift; path = UserListViewModel.swift; sourceTree = "<group>"; };
		C14BE9E2243CE9DE00F9663C /* KeyBoardHeightObservable.swift */ = {isa = PBXFileReference; lastKnownFileType = sourcecode.swift; path = KeyBoardHeightObservable.swift; sourceTree = "<group>"; };
		C14BE9E4243CFE4C00F9663C /* Either.swift */ = {isa = PBXFileReference; lastKnownFileType = sourcecode.swift; path = Either.swift; sourceTree = "<group>"; };
		C15021AC243C8D6C00C3F01E /* SearchGitHubUserApp.app */ = {isa = PBXFileReference; explicitFileType = wrapper.application; includeInIndex = 0; path = SearchGitHubUserApp.app; sourceTree = BUILT_PRODUCTS_DIR; };
		C15021AF243C8D6C00C3F01E /* AppDelegate.swift */ = {isa = PBXFileReference; lastKnownFileType = sourcecode.swift; path = AppDelegate.swift; sourceTree = "<group>"; };
		C15021B8243C8D6D00C3F01E /* Assets.xcassets */ = {isa = PBXFileReference; lastKnownFileType = folder.assetcatalog; path = Assets.xcassets; sourceTree = "<group>"; };
		C15021BB243C8D6D00C3F01E /* Base */ = {isa = PBXFileReference; lastKnownFileType = file.storyboard; name = Base; path = Base.lproj/LaunchScreen.storyboard; sourceTree = "<group>"; };
		C15021BD243C8D6D00C3F01E /* Info.plist */ = {isa = PBXFileReference; lastKnownFileType = text.plist.xml; path = Info.plist; sourceTree = "<group>"; };
		C15021C2243C8D6D00C3F01E /* SearchGitHubUserAppTests.xctest */ = {isa = PBXFileReference; explicitFileType = wrapper.cfbundle; includeInIndex = 0; path = SearchGitHubUserAppTests.xctest; sourceTree = BUILT_PRODUCTS_DIR; };
		C15021C6243C8D6D00C3F01E /* SearchGitHubUserAppTests.swift */ = {isa = PBXFileReference; lastKnownFileType = sourcecode.swift; path = SearchGitHubUserAppTests.swift; sourceTree = "<group>"; };
		C15021C8243C8D6D00C3F01E /* Info.plist */ = {isa = PBXFileReference; lastKnownFileType = text.plist.xml; path = Info.plist; sourceTree = "<group>"; };
		C15021CD243C8D6D00C3F01E /* SearchGitHubUserAppUITests.xctest */ = {isa = PBXFileReference; explicitFileType = wrapper.cfbundle; includeInIndex = 0; path = SearchGitHubUserAppUITests.xctest; sourceTree = BUILT_PRODUCTS_DIR; };
		C15021D1243C8D6D00C3F01E /* SearchGitHubUserAppUITests.swift */ = {isa = PBXFileReference; lastKnownFileType = sourcecode.swift; path = SearchGitHubUserAppUITests.swift; sourceTree = "<group>"; };
		C15021D3243C8D6D00C3F01E /* Info.plist */ = {isa = PBXFileReference; lastKnownFileType = text.plist.xml; path = Info.plist; sourceTree = "<group>"; };
		C15021E6243C8EDB00C3F01E /* R.generated.swift */ = {isa = PBXFileReference; fileEncoding = 4; lastKnownFileType = sourcecode.swift; path = R.generated.swift; sourceTree = SOURCE_ROOT; };
		C15021ED243C8FC400C3F01E /* APIDataStore.swift */ = {isa = PBXFileReference; lastKnownFileType = sourcecode.swift; path = APIDataStore.swift; sourceTree = "<group>"; };
		C15021F0243C8FEF00C3F01E /* JSONHelper.swift */ = {isa = PBXFileReference; lastKnownFileType = sourcecode.swift; path = JSONHelper.swift; sourceTree = "<group>"; };
		C15021F4243C90F600C3F01E /* APITypes.swift */ = {isa = PBXFileReference; lastKnownFileType = sourcecode.swift; path = APITypes.swift; sourceTree = "<group>"; };
		C15021F7243C919800C3F01E /* APITypes+UserList.swift */ = {isa = PBXFileReference; lastKnownFileType = sourcecode.swift; path = "APITypes+UserList.swift"; sourceTree = "<group>"; };
		C15021FB243C92A600C3F01E /* UserListUseCase.swift */ = {isa = PBXFileReference; lastKnownFileType = sourcecode.swift; path = UserListUseCase.swift; sourceTree = "<group>"; };
		C15021FE243C940D00C3F01E /* User.swift */ = {isa = PBXFileReference; lastKnownFileType = sourcecode.swift; path = User.swift; sourceTree = "<group>"; };
		C1502206243C9D2600C3F01E /* response.json */ = {isa = PBXFileReference; fileEncoding = 4; lastKnownFileType = text.json; path = response.json; sourceTree = "<group>"; };
		C150220B243CA1B400C3F01E /* UserListTableViewCell.swift */ = {isa = PBXFileReference; lastKnownFileType = sourcecode.swift; path = UserListTableViewCell.swift; sourceTree = "<group>"; };
		C150220C243CA1B400C3F01E /* UserListTableViewCell.xib */ = {isa = PBXFileReference; lastKnownFileType = file.xib; path = UserListTableViewCell.xib; sourceTree = "<group>"; };
		C1502211243CA1D800C3F01E /* UserListViewController.storyboard */ = {isa = PBXFileReference; lastKnownFileType = file.storyboard; path = UserListViewController.storyboard; sourceTree = "<group>"; };
		C1502214243CA1F100C3F01E /* UserListViewController.swift */ = {isa = PBXFileReference; lastKnownFileType = sourcecode.swift; path = UserListViewController.swift; sourceTree = "<group>"; };
		C150221A243CA85400C3F01E /* AppConst.swift */ = {isa = PBXFileReference; lastKnownFileType = sourcecode.swift; path = AppConst.swift; sourceTree = "<group>"; };
		C3EB74E99235975C98567283 /* Pods_SearchGitHubUserApp.framework */ = {isa = PBXFileReference; explicitFileType = wrapper.framework; includeInIndex = 0; path = Pods_SearchGitHubUserApp.framework; sourceTree = BUILT_PRODUCTS_DIR; };
		CBAC67897F5D858E84FB6F9D /* Pods_SearchGitHubUserApp_SearchGitHubUserAppUITests.framework */ = {isa = PBXFileReference; explicitFileType = wrapper.framework; includeInIndex = 0; path = Pods_SearchGitHubUserApp_SearchGitHubUserAppUITests.framework; sourceTree = BUILT_PRODUCTS_DIR; };
		E3804E29F0A6F98B25520040 /* Pods_SearchGitHubUserAppTests.framework */ = {isa = PBXFileReference; explicitFileType = wrapper.framework; includeInIndex = 0; path = Pods_SearchGitHubUserAppTests.framework; sourceTree = BUILT_PRODUCTS_DIR; };
		E7DFC0CC8591A2A5F858DB18 /* Pods-SearchGitHubUserApp-SearchGitHubUserAppUITests.release.xcconfig */ = {isa = PBXFileReference; includeInIndex = 1; lastKnownFileType = text.xcconfig; name = "Pods-SearchGitHubUserApp-SearchGitHubUserAppUITests.release.xcconfig"; path = "Target Support Files/Pods-SearchGitHubUserApp-SearchGitHubUserAppUITests/Pods-SearchGitHubUserApp-SearchGitHubUserAppUITests.release.xcconfig"; sourceTree = "<group>"; };
		F919D85ADD84B38659FC1588 /* Pods-SearchGitHubUserApp.debug.xcconfig */ = {isa = PBXFileReference; includeInIndex = 1; lastKnownFileType = text.xcconfig; name = "Pods-SearchGitHubUserApp.debug.xcconfig"; path = "Target Support Files/Pods-SearchGitHubUserApp/Pods-SearchGitHubUserApp.debug.xcconfig"; sourceTree = "<group>"; };
/* End PBXFileReference section */

/* Begin PBXFrameworksBuildPhase section */
		C15021A9243C8D6C00C3F01E /* Frameworks */ = {
			isa = PBXFrameworksBuildPhase;
			buildActionMask = 2147483647;
			files = (
				9295ED573C8DCA0DFA174BDA /* Pods_SearchGitHubUserApp.framework in Frameworks */,
			);
			runOnlyForDeploymentPostprocessing = 0;
		};
		C15021BF243C8D6D00C3F01E /* Frameworks */ = {
			isa = PBXFrameworksBuildPhase;
			buildActionMask = 2147483647;
			files = (
				4F170A39E2AD8F685856E127 /* Pods_SearchGitHubUserAppTests.framework in Frameworks */,
			);
			runOnlyForDeploymentPostprocessing = 0;
		};
		C15021CA243C8D6D00C3F01E /* Frameworks */ = {
			isa = PBXFrameworksBuildPhase;
			buildActionMask = 2147483647;
			files = (
				FDEC861F1C3CB6A9E0AC4EF5 /* Pods_SearchGitHubUserApp_SearchGitHubUserAppUITests.framework in Frameworks */,
			);
			runOnlyForDeploymentPostprocessing = 0;
		};
/* End PBXFrameworksBuildPhase section */

/* Begin PBXGroup section */
		B7BC1798C435958AD3E71738 /* Pods */ = {
			isa = PBXGroup;
			children = (
				F919D85ADD84B38659FC1588 /* Pods-SearchGitHubUserApp.debug.xcconfig */,
				908F52DC6D490FC0A4A928F5 /* Pods-SearchGitHubUserApp.release.xcconfig */,
				B8074ED84991D74017179030 /* Pods-SearchGitHubUserApp-SearchGitHubUserAppUITests.debug.xcconfig */,
				E7DFC0CC8591A2A5F858DB18 /* Pods-SearchGitHubUserApp-SearchGitHubUserAppUITests.release.xcconfig */,
				99AEC1C5BCD8E433A60D8843 /* Pods-SearchGitHubUserAppTests.debug.xcconfig */,
				8338BA6288E6A0C4F0A5EA7D /* Pods-SearchGitHubUserAppTests.release.xcconfig */,
			);
			path = Pods;
			sourceTree = "<group>";
		};
		C15021A3243C8D6C00C3F01E = {
			isa = PBXGroup;
			children = (
				C15021AE243C8D6C00C3F01E /* SearchGitHubUserApp */,
				C15021C5243C8D6D00C3F01E /* SearchGitHubUserAppTests */,
				C15021D0243C8D6D00C3F01E /* SearchGitHubUserAppUITests */,
				C15021AD243C8D6C00C3F01E /* Products */,
				B7BC1798C435958AD3E71738 /* Pods */,
				D7C6CECEB816C0A0FAD37AF8 /* Frameworks */,
			);
			sourceTree = "<group>";
		};
		C15021AD243C8D6C00C3F01E /* Products */ = {
			isa = PBXGroup;
			children = (
				C15021AC243C8D6C00C3F01E /* SearchGitHubUserApp.app */,
				C15021C2243C8D6D00C3F01E /* SearchGitHubUserAppTests.xctest */,
				C15021CD243C8D6D00C3F01E /* SearchGitHubUserAppUITests.xctest */,
			);
			name = Products;
			sourceTree = "<group>";
		};
		C15021AE243C8D6C00C3F01E /* SearchGitHubUserApp */ = {
			isa = PBXGroup;
			children = (
				C15021AF243C8D6C00C3F01E /* AppDelegate.swift */,
				C15021E6243C8EDB00C3F01E /* R.generated.swift */,
				C15021EC243C8FA800C3F01E /* View */,
				C15021EB243C8FA400C3F01E /* Infra */,
				C15021EA243C8F9E00C3F01E /* Domain */,
				C15021E9243C8F9A00C3F01E /* Model */,
				C15021E8243C8F9300C3F01E /* Util */,
				C15021B8243C8D6D00C3F01E /* Assets.xcassets */,
				C15021BA243C8D6D00C3F01E /* LaunchScreen.storyboard */,
				C15021BD243C8D6D00C3F01E /* Info.plist */,
			);
			path = SearchGitHubUserApp;
			sourceTree = "<group>";
		};
		C15021C5243C8D6D00C3F01E /* SearchGitHubUserAppTests */ = {
			isa = PBXGroup;
			children = (
				C15021C6243C8D6D00C3F01E /* SearchGitHubUserAppTests.swift */,
				C1502206243C9D2600C3F01E /* response.json */,
				C15021C8243C8D6D00C3F01E /* Info.plist */,
			);
			path = SearchGitHubUserAppTests;
			sourceTree = "<group>";
		};
		C15021D0243C8D6D00C3F01E /* SearchGitHubUserAppUITests */ = {
			isa = PBXGroup;
			children = (
				C15021D1243C8D6D00C3F01E /* SearchGitHubUserAppUITests.swift */,
				C15021D3243C8D6D00C3F01E /* Info.plist */,
			);
			path = SearchGitHubUserAppUITests;
			sourceTree = "<group>";
		};
		C15021E8243C8F9300C3F01E /* Util */ = {
			isa = PBXGroup;
			children = (
				C150221A243CA85400C3F01E /* AppConst.swift */,
				C14BE9E2243CE9DE00F9663C /* KeyBoardHeightObservable.swift */,
				C14BE9E4243CFE4C00F9663C /* Either.swift */,
			);
			path = Util;
			sourceTree = "<group>";
		};
		C15021E9243C8F9A00C3F01E /* Model */ = {
			isa = PBXGroup;
			children = (
				C15021FE243C940D00C3F01E /* User.swift */,
			);
			path = Model;
			sourceTree = "<group>";
		};
		C15021EA243C8F9E00C3F01E /* Domain */ = {
			isa = PBXGroup;
			children = (
				C15021F3243C90DF00C3F01E /* APITypes */,
				C15021FA243C929400C3F01E /* UseCase */,
			);
			path = Domain;
			sourceTree = "<group>";
		};
		C15021EB243C8FA400C3F01E /* Infra */ = {
			isa = PBXGroup;
			children = (
				C15021ED243C8FC400C3F01E /* APIDataStore.swift */,
				C15021F0243C8FEF00C3F01E /* JSONHelper.swift */,
			);
			path = Infra;
			sourceTree = "<group>";
		};
		C15021EC243C8FA800C3F01E /* View */ = {
			isa = PBXGroup;
			children = (
				C1502209243CA17100C3F01E /* UserListView */,
			);
			path = View;
			sourceTree = "<group>";
		};
		C15021F3243C90DF00C3F01E /* APITypes */ = {
			isa = PBXGroup;
			children = (
				C15021F4243C90F600C3F01E /* APITypes.swift */,
				C15021F7243C919800C3F01E /* APITypes+UserList.swift */,
			);
			path = APITypes;
			sourceTree = "<group>";
		};
		C15021FA243C929400C3F01E /* UseCase */ = {
			isa = PBXGroup;
			children = (
				C15021FB243C92A600C3F01E /* UserListUseCase.swift */,
			);
			path = UseCase;
			sourceTree = "<group>";
		};
		C1502209243CA17100C3F01E /* UserListView */ = {
			isa = PBXGroup;
			children = (
				C150220A243CA18B00C3F01E /* Parts */,
				C1502211243CA1D800C3F01E /* UserListViewController.storyboard */,
				C1502214243CA1F100C3F01E /* UserListViewController.swift */,
				C1502220243CAADC00C3F01E /* UserListViewModel */,
			);
			path = UserListView;
			sourceTree = "<group>";
		};
		C150220A243CA18B00C3F01E /* Parts */ = {
			isa = PBXGroup;
			children = (
				C150220B243CA1B400C3F01E /* UserListTableViewCell.swift */,
				C150220C243CA1B400C3F01E /* UserListTableViewCell.xib */,
			);
			path = Parts;
			sourceTree = "<group>";
		};
		C1502220243CAADC00C3F01E /* UserListViewModel */ = {
			isa = PBXGroup;
			children = (
				C14BE9E0243CAE3000F9663C /* UserListViewModel.swift */,
			);
			path = UserListViewModel;
			sourceTree = "<group>";
		};
		D7C6CECEB816C0A0FAD37AF8 /* Frameworks */ = {
			isa = PBXGroup;
			children = (
				C3EB74E99235975C98567283 /* Pods_SearchGitHubUserApp.framework */,
				CBAC67897F5D858E84FB6F9D /* Pods_SearchGitHubUserApp_SearchGitHubUserAppUITests.framework */,
				E3804E29F0A6F98B25520040 /* Pods_SearchGitHubUserAppTests.framework */,
			);
			name = Frameworks;
			sourceTree = "<group>";
		};
/* End PBXGroup section */

/* Begin PBXNativeTarget section */
		C15021AB243C8D6C00C3F01E /* SearchGitHubUserApp */ = {
			isa = PBXNativeTarget;
			buildConfigurationList = C15021D6243C8D6D00C3F01E /* Build configuration list for PBXNativeTarget "SearchGitHubUserApp" */;
			buildPhases = (
				09FFE5A7635B79E70098AFEA /* [CP] Check Pods Manifest.lock */,
				C15021E4243C8E6E00C3F01E /* ShellScript */,
				C15021A8243C8D6C00C3F01E /* Sources */,
				C15021A9243C8D6C00C3F01E /* Frameworks */,
				C15021AA243C8D6C00C3F01E /* Resources */,
				7BFE9BA6844F07CE71C70870 /* [CP] Embed Pods Frameworks */,
				C15021E5243C8E6F00C3F01E /* ShellScript */,
			);
			buildRules = (
			);
			dependencies = (
			);
			name = SearchGitHubUserApp;
			productName = SearchGitHubUserApp;
			productReference = C15021AC243C8D6C00C3F01E /* SearchGitHubUserApp.app */;
			productType = "com.apple.product-type.application";
		};
		C15021C1243C8D6D00C3F01E /* SearchGitHubUserAppTests */ = {
			isa = PBXNativeTarget;
			buildConfigurationList = C15021D9243C8D6D00C3F01E /* Build configuration list for PBXNativeTarget "SearchGitHubUserAppTests" */;
			buildPhases = (
				59A952610CA54032CC97F08F /* [CP] Check Pods Manifest.lock */,
				C15021BE243C8D6D00C3F01E /* Sources */,
				C15021BF243C8D6D00C3F01E /* Frameworks */,
				C15021C0243C8D6D00C3F01E /* Resources */,
			);
			buildRules = (
			);
			dependencies = (
				C15021C4243C8D6D00C3F01E /* PBXTargetDependency */,
			);
			name = SearchGitHubUserAppTests;
			productName = SearchGitHubUserAppTests;
			productReference = C15021C2243C8D6D00C3F01E /* SearchGitHubUserAppTests.xctest */;
			productType = "com.apple.product-type.bundle.unit-test";
		};
		C15021CC243C8D6D00C3F01E /* SearchGitHubUserAppUITests */ = {
			isa = PBXNativeTarget;
			buildConfigurationList = C15021DC243C8D6D00C3F01E /* Build configuration list for PBXNativeTarget "SearchGitHubUserAppUITests" */;
			buildPhases = (
				0D02733DD5D9AEB4385F8AF1 /* [CP] Check Pods Manifest.lock */,
				C15021C9243C8D6D00C3F01E /* Sources */,
				C15021CA243C8D6D00C3F01E /* Frameworks */,
				C15021CB243C8D6D00C3F01E /* Resources */,
				896BAE6E912DE85FE31A4DAD /* [CP] Embed Pods Frameworks */,
			);
			buildRules = (
			);
			dependencies = (
				C15021CF243C8D6D00C3F01E /* PBXTargetDependency */,
			);
			name = SearchGitHubUserAppUITests;
			productName = SearchGitHubUserAppUITests;
			productReference = C15021CD243C8D6D00C3F01E /* SearchGitHubUserAppUITests.xctest */;
			productType = "com.apple.product-type.bundle.ui-testing";
		};
/* End PBXNativeTarget section */

/* Begin PBXProject section */
		C15021A4243C8D6C00C3F01E /* Project object */ = {
			isa = PBXProject;
			attributes = {
				LastSwiftUpdateCheck = 1140;
				LastUpgradeCheck = 1140;
				ORGANIZATIONNAME = "Yuki Kanda";
				TargetAttributes = {
					C15021AB243C8D6C00C3F01E = {
						CreatedOnToolsVersion = 11.4;
					};
					C15021C1243C8D6D00C3F01E = {
						CreatedOnToolsVersion = 11.4;
						TestTargetID = C15021AB243C8D6C00C3F01E;
					};
					C15021CC243C8D6D00C3F01E = {
						CreatedOnToolsVersion = 11.4;
						TestTargetID = C15021AB243C8D6C00C3F01E;
					};
				};
			};
			buildConfigurationList = C15021A7243C8D6C00C3F01E /* Build configuration list for PBXProject "SearchGitHubUserApp" */;
			compatibilityVersion = "Xcode 9.3";
			developmentRegion = en;
			hasScannedForEncodings = 0;
			knownRegions = (
				en,
				Base,
			);
			mainGroup = C15021A3243C8D6C00C3F01E;
			productRefGroup = C15021AD243C8D6C00C3F01E /* Products */;
			projectDirPath = "";
			projectRoot = "";
			targets = (
				C15021AB243C8D6C00C3F01E /* SearchGitHubUserApp */,
				C15021C1243C8D6D00C3F01E /* SearchGitHubUserAppTests */,
				C15021CC243C8D6D00C3F01E /* SearchGitHubUserAppUITests */,
			);
		};
/* End PBXProject section */

/* Begin PBXResourcesBuildPhase section */
		C15021AA243C8D6C00C3F01E /* Resources */ = {
			isa = PBXResourcesBuildPhase;
			buildActionMask = 2147483647;
			files = (
				C150220F243CA1B400C3F01E /* UserListTableViewCell.xib in Resources */,
				C1502207243C9D2600C3F01E /* response.json in Resources */,
				C1502212243CA1D800C3F01E /* UserListViewController.storyboard in Resources */,
				C15021BC243C8D6D00C3F01E /* LaunchScreen.storyboard in Resources */,
				C15021B9243C8D6D00C3F01E /* Assets.xcassets in Resources */,
			);
			runOnlyForDeploymentPostprocessing = 0;
		};
		C15021C0243C8D6D00C3F01E /* Resources */ = {
			isa = PBXResourcesBuildPhase;
			buildActionMask = 2147483647;
			files = (
				C1502210243CA1B400C3F01E /* UserListTableViewCell.xib in Resources */,
				C1502208243C9D2600C3F01E /* response.json in Resources */,
				C1502213243CA1D800C3F01E /* UserListViewController.storyboard in Resources */,
			);
			runOnlyForDeploymentPostprocessing = 0;
		};
		C15021CB243C8D6D00C3F01E /* Resources */ = {
			isa = PBXResourcesBuildPhase;
			buildActionMask = 2147483647;
			files = (
			);
			runOnlyForDeploymentPostprocessing = 0;
		};
/* End PBXResourcesBuildPhase section */

/* Begin PBXShellScriptBuildPhase section */
		09FFE5A7635B79E70098AFEA /* [CP] Check Pods Manifest.lock */ = {
			isa = PBXShellScriptBuildPhase;
			buildActionMask = 2147483647;
			files = (
			);
			inputFileListPaths = (
			);
			inputPaths = (
				"${PODS_PODFILE_DIR_PATH}/Podfile.lock",
				"${PODS_ROOT}/Manifest.lock",
			);
			name = "[CP] Check Pods Manifest.lock";
			outputFileListPaths = (
			);
			outputPaths = (
				"$(DERIVED_FILE_DIR)/Pods-SearchGitHubUserApp-checkManifestLockResult.txt",
			);
			runOnlyForDeploymentPostprocessing = 0;
			shellPath = /bin/sh;
			shellScript = "diff \"${PODS_PODFILE_DIR_PATH}/Podfile.lock\" \"${PODS_ROOT}/Manifest.lock\" > /dev/null\nif [ $? != 0 ] ; then\n    # print error to STDERR\n    echo \"error: The sandbox is not in sync with the Podfile.lock. Run 'pod install' or update your CocoaPods installation.\" >&2\n    exit 1\nfi\n# This output is used by Xcode 'outputs' to avoid re-running this script phase.\necho \"SUCCESS\" > \"${SCRIPT_OUTPUT_FILE_0}\"\n";
			showEnvVarsInLog = 0;
		};
		0D02733DD5D9AEB4385F8AF1 /* [CP] Check Pods Manifest.lock */ = {
			isa = PBXShellScriptBuildPhase;
			buildActionMask = 2147483647;
			files = (
			);
			inputFileListPaths = (
			);
			inputPaths = (
				"${PODS_PODFILE_DIR_PATH}/Podfile.lock",
				"${PODS_ROOT}/Manifest.lock",
			);
			name = "[CP] Check Pods Manifest.lock";
			outputFileListPaths = (
			);
			outputPaths = (
				"$(DERIVED_FILE_DIR)/Pods-SearchGitHubUserApp-SearchGitHubUserAppUITests-checkManifestLockResult.txt",
			);
			runOnlyForDeploymentPostprocessing = 0;
			shellPath = /bin/sh;
			shellScript = "diff \"${PODS_PODFILE_DIR_PATH}/Podfile.lock\" \"${PODS_ROOT}/Manifest.lock\" > /dev/null\nif [ $? != 0 ] ; then\n    # print error to STDERR\n    echo \"error: The sandbox is not in sync with the Podfile.lock. Run 'pod install' or update your CocoaPods installation.\" >&2\n    exit 1\nfi\n# This output is used by Xcode 'outputs' to avoid re-running this script phase.\necho \"SUCCESS\" > \"${SCRIPT_OUTPUT_FILE_0}\"\n";
			showEnvVarsInLog = 0;
		};
		59A952610CA54032CC97F08F /* [CP] Check Pods Manifest.lock */ = {
			isa = PBXShellScriptBuildPhase;
			buildActionMask = 2147483647;
			files = (
			);
			inputFileListPaths = (
			);
			inputPaths = (
				"${PODS_PODFILE_DIR_PATH}/Podfile.lock",
				"${PODS_ROOT}/Manifest.lock",
			);
			name = "[CP] Check Pods Manifest.lock";
			outputFileListPaths = (
			);
			outputPaths = (
				"$(DERIVED_FILE_DIR)/Pods-SearchGitHubUserAppTests-checkManifestLockResult.txt",
			);
			runOnlyForDeploymentPostprocessing = 0;
			shellPath = /bin/sh;
			shellScript = "diff \"${PODS_PODFILE_DIR_PATH}/Podfile.lock\" \"${PODS_ROOT}/Manifest.lock\" > /dev/null\nif [ $? != 0 ] ; then\n    # print error to STDERR\n    echo \"error: The sandbox is not in sync with the Podfile.lock. Run 'pod install' or update your CocoaPods installation.\" >&2\n    exit 1\nfi\n# This output is used by Xcode 'outputs' to avoid re-running this script phase.\necho \"SUCCESS\" > \"${SCRIPT_OUTPUT_FILE_0}\"\n";
			showEnvVarsInLog = 0;
		};
		7BFE9BA6844F07CE71C70870 /* [CP] Embed Pods Frameworks */ = {
			isa = PBXShellScriptBuildPhase;
			buildActionMask = 2147483647;
			files = (
			);
			inputFileListPaths = (
				"${PODS_ROOT}/Target Support Files/Pods-SearchGitHubUserApp/Pods-SearchGitHubUserApp-frameworks-${CONFIGURATION}-input-files.xcfilelist",
			);
			name = "[CP] Embed Pods Frameworks";
			outputFileListPaths = (
				"${PODS_ROOT}/Target Support Files/Pods-SearchGitHubUserApp/Pods-SearchGitHubUserApp-frameworks-${CONFIGURATION}-output-files.xcfilelist",
			);
			runOnlyForDeploymentPostprocessing = 0;
			shellPath = /bin/sh;
			shellScript = "\"${PODS_ROOT}/Target Support Files/Pods-SearchGitHubUserApp/Pods-SearchGitHubUserApp-frameworks.sh\"\n";
			showEnvVarsInLog = 0;
		};
		896BAE6E912DE85FE31A4DAD /* [CP] Embed Pods Frameworks */ = {
			isa = PBXShellScriptBuildPhase;
			buildActionMask = 2147483647;
			files = (
			);
			inputFileListPaths = (
				"${PODS_ROOT}/Target Support Files/Pods-SearchGitHubUserApp-SearchGitHubUserAppUITests/Pods-SearchGitHubUserApp-SearchGitHubUserAppUITests-frameworks-${CONFIGURATION}-input-files.xcfilelist",
			);
			name = "[CP] Embed Pods Frameworks";
			outputFileListPaths = (
				"${PODS_ROOT}/Target Support Files/Pods-SearchGitHubUserApp-SearchGitHubUserAppUITests/Pods-SearchGitHubUserApp-SearchGitHubUserAppUITests-frameworks-${CONFIGURATION}-output-files.xcfilelist",
			);
			runOnlyForDeploymentPostprocessing = 0;
			shellPath = /bin/sh;
			shellScript = "\"${PODS_ROOT}/Target Support Files/Pods-SearchGitHubUserApp-SearchGitHubUserAppUITests/Pods-SearchGitHubUserApp-SearchGitHubUserAppUITests-frameworks.sh\"\n";
			showEnvVarsInLog = 0;
		};
		C15021E4243C8E6E00C3F01E /* ShellScript */ = {
			isa = PBXShellScriptBuildPhase;
			buildActionMask = 2147483647;
			files = (
			);
			inputFileListPaths = (
			);
			inputPaths = (
				"$TEMP_DIR/rswift-lastrun",
			);
			outputFileListPaths = (
			);
			outputPaths = (
				$SRCROOT/R.generated.swift,
			);
			runOnlyForDeploymentPostprocessing = 0;
			shellPath = /bin/sh;
			shellScript = "\"$PODS_ROOT/R.swift/rswift\" generate \"$SRCROOT/R.generated.swift\"\n";
		};
		C15021E5243C8E6F00C3F01E /* ShellScript */ = {
			isa = PBXShellScriptBuildPhase;
			buildActionMask = 2147483647;
			files = (
			);
			inputFileListPaths = (
			);
			inputPaths = (
			);
			outputFileListPaths = (
			);
			outputPaths = (
			);
			runOnlyForDeploymentPostprocessing = 0;
			shellPath = /bin/sh;
			shellScript = "if which \"${PODS_ROOT}/SwiftLint/swiftlint\" >/dev/null; then\n${PODS_ROOT}/SwiftLint/swiftlint\nelse\necho \"warning: SwiftLint not installed, download from https://github.com/realm/SwiftLint\"\nfi\n";
		};
/* End PBXShellScriptBuildPhase section */

/* Begin PBXSourcesBuildPhase section */
		C15021A8243C8D6C00C3F01E /* Sources */ = {
			isa = PBXSourcesBuildPhase;
			buildActionMask = 2147483647;
			files = (
				C14BE9E5243CFE4C00F9663C /* Either.swift in Sources */,
				C150220D243CA1B400C3F01E /* UserListTableViewCell.swift in Sources */,
				C1502215243CA1F100C3F01E /* UserListViewController.swift in Sources */,
				C15021B0243C8D6C00C3F01E /* AppDelegate.swift in Sources */,
				C15021F5243C90F600C3F01E /* APITypes.swift in Sources */,
				C15021EE243C8FC400C3F01E /* APIDataStore.swift in Sources */,
				C15021FC243C92A600C3F01E /* UserListUseCase.swift in Sources */,
				C150221B243CA85400C3F01E /* AppConst.swift in Sources */,
				C15021FF243C940D00C3F01E /* User.swift in Sources */,
				C14BE9E1243CAE3000F9663C /* UserListViewModel.swift in Sources */,
				C15021E7243C8EDB00C3F01E /* R.generated.swift in Sources */,
				C14BE9E3243CE9DE00F9663C /* KeyBoardHeightObservable.swift in Sources */,
				C15021F8243C919800C3F01E /* APITypes+UserList.swift in Sources */,
				C15021F1243C8FEF00C3F01E /* JSONHelper.swift in Sources */,
			);
			runOnlyForDeploymentPostprocessing = 0;
		};
		C15021BE243C8D6D00C3F01E /* Sources */ = {
			isa = PBXSourcesBuildPhase;
			buildActionMask = 2147483647;
			files = (
				C15021F6243C90F600C3F01E /* APITypes.swift in Sources */,
				C15021F9243C919800C3F01E /* APITypes+UserList.swift in Sources */,
				C15021F2243C8FEF00C3F01E /* JSONHelper.swift in Sources */,
				C15021EF243C8FC400C3F01E /* APIDataStore.swift in Sources */,
				C150220E243CA1B400C3F01E /* UserListTableViewCell.swift in Sources */,
				C1502216243CA1F100C3F01E /* UserListViewController.swift in Sources */,
				C15021FD243C92A600C3F01E /* UserListUseCase.swift in Sources */,
				C15021C7243C8D6D00C3F01E /* SearchGitHubUserAppTests.swift in Sources */,
				C1502200243C940D00C3F01E /* User.swift in Sources */,
				C150221C243CA85400C3F01E /* AppConst.swift in Sources */,
			);
			runOnlyForDeploymentPostprocessing = 0;
		};
		C15021C9243C8D6D00C3F01E /* Sources */ = {
			isa = PBXSourcesBuildPhase;
			buildActionMask = 2147483647;
			files = (
				C15021D2243C8D6D00C3F01E /* SearchGitHubUserAppUITests.swift in Sources */,
			);
			runOnlyForDeploymentPostprocessing = 0;
		};
/* End PBXSourcesBuildPhase section */

/* Begin PBXTargetDependency section */
		C15021C4243C8D6D00C3F01E /* PBXTargetDependency */ = {
			isa = PBXTargetDependency;
			target = C15021AB243C8D6C00C3F01E /* SearchGitHubUserApp */;
			targetProxy = C15021C3243C8D6D00C3F01E /* PBXContainerItemProxy */;
		};
		C15021CF243C8D6D00C3F01E /* PBXTargetDependency */ = {
			isa = PBXTargetDependency;
			target = C15021AB243C8D6C00C3F01E /* SearchGitHubUserApp */;
			targetProxy = C15021CE243C8D6D00C3F01E /* PBXContainerItemProxy */;
		};
/* End PBXTargetDependency section */

/* Begin PBXVariantGroup section */
		C15021BA243C8D6D00C3F01E /* LaunchScreen.storyboard */ = {
			isa = PBXVariantGroup;
			children = (
				C15021BB243C8D6D00C3F01E /* Base */,
			);
			name = LaunchScreen.storyboard;
			sourceTree = "<group>";
		};
/* End PBXVariantGroup section */

/* Begin XCBuildConfiguration section */
		C15021D4243C8D6D00C3F01E /* Debug */ = {
			isa = XCBuildConfiguration;
			buildSettings = {
				ALWAYS_SEARCH_USER_PATHS = NO;
				CLANG_ANALYZER_NONNULL = YES;
				CLANG_ANALYZER_NUMBER_OBJECT_CONVERSION = YES_AGGRESSIVE;
				CLANG_CXX_LANGUAGE_STANDARD = "gnu++14";
				CLANG_CXX_LIBRARY = "libc++";
				CLANG_ENABLE_MODULES = YES;
				CLANG_ENABLE_OBJC_ARC = YES;
				CLANG_ENABLE_OBJC_WEAK = YES;
				CLANG_WARN_BLOCK_CAPTURE_AUTORELEASING = YES;
				CLANG_WARN_BOOL_CONVERSION = YES;
				CLANG_WARN_COMMA = YES;
				CLANG_WARN_CONSTANT_CONVERSION = YES;
				CLANG_WARN_DEPRECATED_OBJC_IMPLEMENTATIONS = YES;
				CLANG_WARN_DIRECT_OBJC_ISA_USAGE = YES_ERROR;
				CLANG_WARN_DOCUMENTATION_COMMENTS = YES;
				CLANG_WARN_EMPTY_BODY = YES;
				CLANG_WARN_ENUM_CONVERSION = YES;
				CLANG_WARN_INFINITE_RECURSION = YES;
				CLANG_WARN_INT_CONVERSION = YES;
				CLANG_WARN_NON_LITERAL_NULL_CONVERSION = YES;
				CLANG_WARN_OBJC_IMPLICIT_RETAIN_SELF = YES;
				CLANG_WARN_OBJC_LITERAL_CONVERSION = YES;
				CLANG_WARN_OBJC_ROOT_CLASS = YES_ERROR;
				CLANG_WARN_RANGE_LOOP_ANALYSIS = YES;
				CLANG_WARN_STRICT_PROTOTYPES = YES;
				CLANG_WARN_SUSPICIOUS_MOVE = YES;
				CLANG_WARN_UNGUARDED_AVAILABILITY = YES_AGGRESSIVE;
				CLANG_WARN_UNREACHABLE_CODE = YES;
				CLANG_WARN__DUPLICATE_METHOD_MATCH = YES;
				COPY_PHASE_STRIP = NO;
				DEBUG_INFORMATION_FORMAT = dwarf;
				ENABLE_STRICT_OBJC_MSGSEND = YES;
				ENABLE_TESTABILITY = YES;
				GCC_C_LANGUAGE_STANDARD = gnu11;
				GCC_DYNAMIC_NO_PIC = NO;
				GCC_NO_COMMON_BLOCKS = YES;
				GCC_OPTIMIZATION_LEVEL = 0;
				GCC_PREPROCESSOR_DEFINITIONS = (
					"DEBUG=1",
					"$(inherited)",
				);
				GCC_WARN_64_TO_32_BIT_CONVERSION = YES;
				GCC_WARN_ABOUT_RETURN_TYPE = YES_ERROR;
				GCC_WARN_UNDECLARED_SELECTOR = YES;
				GCC_WARN_UNINITIALIZED_AUTOS = YES_AGGRESSIVE;
				GCC_WARN_UNUSED_FUNCTION = YES;
				GCC_WARN_UNUSED_VARIABLE = YES;
				IPHONEOS_DEPLOYMENT_TARGET = 11.0;
				MTL_ENABLE_DEBUG_INFO = INCLUDE_SOURCE;
				MTL_FAST_MATH = YES;
				ONLY_ACTIVE_ARCH = YES;
				SDKROOT = iphoneos;
				SWIFT_ACTIVE_COMPILATION_CONDITIONS = DEBUG;
				SWIFT_OPTIMIZATION_LEVEL = "-Onone";
				SWIFT_VERSION = 5.0;
			};
			name = Debug;
		};
		C15021D5243C8D6D00C3F01E /* Release */ = {
			isa = XCBuildConfiguration;
			buildSettings = {
				ALWAYS_SEARCH_USER_PATHS = NO;
				CLANG_ANALYZER_NONNULL = YES;
				CLANG_ANALYZER_NUMBER_OBJECT_CONVERSION = YES_AGGRESSIVE;
				CLANG_CXX_LANGUAGE_STANDARD = "gnu++14";
				CLANG_CXX_LIBRARY = "libc++";
				CLANG_ENABLE_MODULES = YES;
				CLANG_ENABLE_OBJC_ARC = YES;
				CLANG_ENABLE_OBJC_WEAK = YES;
				CLANG_WARN_BLOCK_CAPTURE_AUTORELEASING = YES;
				CLANG_WARN_BOOL_CONVERSION = YES;
				CLANG_WARN_COMMA = YES;
				CLANG_WARN_CONSTANT_CONVERSION = YES;
				CLANG_WARN_DEPRECATED_OBJC_IMPLEMENTATIONS = YES;
				CLANG_WARN_DIRECT_OBJC_ISA_USAGE = YES_ERROR;
				CLANG_WARN_DOCUMENTATION_COMMENTS = YES;
				CLANG_WARN_EMPTY_BODY = YES;
				CLANG_WARN_ENUM_CONVERSION = YES;
				CLANG_WARN_INFINITE_RECURSION = YES;
				CLANG_WARN_INT_CONVERSION = YES;
				CLANG_WARN_NON_LITERAL_NULL_CONVERSION = YES;
				CLANG_WARN_OBJC_IMPLICIT_RETAIN_SELF = YES;
				CLANG_WARN_OBJC_LITERAL_CONVERSION = YES;
				CLANG_WARN_OBJC_ROOT_CLASS = YES_ERROR;
				CLANG_WARN_RANGE_LOOP_ANALYSIS = YES;
				CLANG_WARN_STRICT_PROTOTYPES = YES;
				CLANG_WARN_SUSPICIOUS_MOVE = YES;
				CLANG_WARN_UNGUARDED_AVAILABILITY = YES_AGGRESSIVE;
				CLANG_WARN_UNREACHABLE_CODE = YES;
				CLANG_WARN__DUPLICATE_METHOD_MATCH = YES;
				COPY_PHASE_STRIP = NO;
				DEBUG_INFORMATION_FORMAT = "dwarf-with-dsym";
				ENABLE_NS_ASSERTIONS = NO;
				ENABLE_STRICT_OBJC_MSGSEND = YES;
				GCC_C_LANGUAGE_STANDARD = gnu11;
				GCC_NO_COMMON_BLOCKS = YES;
				GCC_WARN_64_TO_32_BIT_CONVERSION = YES;
				GCC_WARN_ABOUT_RETURN_TYPE = YES_ERROR;
				GCC_WARN_UNDECLARED_SELECTOR = YES;
				GCC_WARN_UNINITIALIZED_AUTOS = YES_AGGRESSIVE;
				GCC_WARN_UNUSED_FUNCTION = YES;
				GCC_WARN_UNUSED_VARIABLE = YES;
				IPHONEOS_DEPLOYMENT_TARGET = 11.0;
				MTL_ENABLE_DEBUG_INFO = NO;
				MTL_FAST_MATH = YES;
				SDKROOT = iphoneos;
				SWIFT_COMPILATION_MODE = wholemodule;
				SWIFT_OPTIMIZATION_LEVEL = "-O";
				SWIFT_VERSION = 5.0;
				VALIDATE_PRODUCT = YES;
			};
			name = Release;
		};
		C15021D7243C8D6D00C3F01E /* Debug */ = {
			isa = XCBuildConfiguration;
			baseConfigurationReference = F919D85ADD84B38659FC1588 /* Pods-SearchGitHubUserApp.debug.xcconfig */;
			buildSettings = {
				ASSETCATALOG_COMPILER_APPICON_NAME = AppIcon;
				CODE_SIGN_STYLE = Automatic;
				DEVELOPMENT_TEAM = HTXAZ6X9VV;
				INFOPLIST_FILE = SearchGitHubUserApp/Info.plist;
				LD_RUNPATH_SEARCH_PATHS = (
					"$(inherited)",
					"@executable_path/Frameworks",
				);
				PRODUCT_BUNDLE_IDENTIFIER = com.portfolio.SearchGitHubUserApp;
				PRODUCT_NAME = "$(TARGET_NAME)";
				SWIFT_VERSION = 5.0;
				TARGETED_DEVICE_FAMILY = "1,2";
			};
			name = Debug;
		};
		C15021D8243C8D6D00C3F01E /* Release */ = {
			isa = XCBuildConfiguration;
			baseConfigurationReference = 908F52DC6D490FC0A4A928F5 /* Pods-SearchGitHubUserApp.release.xcconfig */;
			buildSettings = {
				ASSETCATALOG_COMPILER_APPICON_NAME = AppIcon;
				CODE_SIGN_STYLE = Automatic;
				DEVELOPMENT_TEAM = HTXAZ6X9VV;
				INFOPLIST_FILE = SearchGitHubUserApp/Info.plist;
				LD_RUNPATH_SEARCH_PATHS = (
					"$(inherited)",
					"@executable_path/Frameworks",
				);
				PRODUCT_BUNDLE_IDENTIFIER = com.portfolio.SearchGitHubUserApp;
				PRODUCT_NAME = "$(TARGET_NAME)";
				SWIFT_VERSION = 5.0;
				TARGETED_DEVICE_FAMILY = "1,2";
			};
			name = Release;
		};
		C15021DA243C8D6D00C3F01E /* Debug */ = {
			isa = XCBuildConfiguration;
			baseConfigurationReference = 99AEC1C5BCD8E433A60D8843 /* Pods-SearchGitHubUserAppTests.debug.xcconfig */;
			buildSettings = {
				ALWAYS_EMBED_SWIFT_STANDARD_LIBRARIES = YES;
				BUNDLE_LOADER = "$(TEST_HOST)";
				CODE_SIGN_STYLE = Automatic;
				DEVELOPMENT_TEAM = HTXAZ6X9VV;
				INFOPLIST_FILE = SearchGitHubUserAppTests/Info.plist;
				IPHONEOS_DEPLOYMENT_TARGET = 13.4;
				LD_RUNPATH_SEARCH_PATHS = (
					"$(inherited)",
					"@executable_path/Frameworks",
					"@loader_path/Frameworks",
				);
				PRODUCT_BUNDLE_IDENTIFIER = com.portfolio.SearchGitHubUserAppTests;
				PRODUCT_NAME = "$(TARGET_NAME)";
				SWIFT_VERSION = 5.0;
				TARGETED_DEVICE_FAMILY = "1,2";
				TEST_HOST = "$(BUILT_PRODUCTS_DIR)/SearchGitHubUserApp.app/SearchGitHubUserApp";
			};
			name = Debug;
		};
		C15021DB243C8D6D00C3F01E /* Release */ = {
			isa = XCBuildConfiguration;
			baseConfigurationReference = 8338BA6288E6A0C4F0A5EA7D /* Pods-SearchGitHubUserAppTests.release.xcconfig */;
			buildSettings = {
				ALWAYS_EMBED_SWIFT_STANDARD_LIBRARIES = YES;
				BUNDLE_LOADER = "$(TEST_HOST)";
				CODE_SIGN_STYLE = Automatic;
				DEVELOPMENT_TEAM = HTXAZ6X9VV;
				INFOPLIST_FILE = SearchGitHubUserAppTests/Info.plist;
				IPHONEOS_DEPLOYMENT_TARGET = 13.4;
				LD_RUNPATH_SEARCH_PATHS = (
					"$(inherited)",
					"@executable_path/Frameworks",
					"@loader_path/Frameworks",
				);
				PRODUCT_BUNDLE_IDENTIFIER = com.portfolio.SearchGitHubUserAppTests;
				PRODUCT_NAME = "$(TARGET_NAME)";
				SWIFT_VERSION = 5.0;
				TARGETED_DEVICE_FAMILY = "1,2";
				TEST_HOST = "$(BUILT_PRODUCTS_DIR)/SearchGitHubUserApp.app/SearchGitHubUserApp";
			};
			name = Release;
		};
		C15021DD243C8D6D00C3F01E /* Debug */ = {
			isa = XCBuildConfiguration;
			baseConfigurationReference = B8074ED84991D74017179030 /* Pods-SearchGitHubUserApp-SearchGitHubUserAppUITests.debug.xcconfig */;
			buildSettings = {
				ALWAYS_EMBED_SWIFT_STANDARD_LIBRARIES = YES;
				CODE_SIGN_STYLE = Automatic;
				DEVELOPMENT_TEAM = HTXAZ6X9VV;
				INFOPLIST_FILE = SearchGitHubUserAppUITests/Info.plist;
				LD_RUNPATH_SEARCH_PATHS = (
					"$(inherited)",
					"@executable_path/Frameworks",
					"@loader_path/Frameworks",
				);
				PRODUCT_BUNDLE_IDENTIFIER = com.portfolio.SearchGitHubUserAppUITests;
				PRODUCT_NAME = "$(TARGET_NAME)";
				SWIFT_VERSION = 5.0;
				TARGETED_DEVICE_FAMILY = "1,2";
				TEST_TARGET_NAME = SearchGitHubUserApp;
			};
			name = Debug;
		};
		C15021DE243C8D6D00C3F01E /* Release */ = {
			isa = XCBuildConfiguration;
			baseConfigurationReference = E7DFC0CC8591A2A5F858DB18 /* Pods-SearchGitHubUserApp-SearchGitHubUserAppUITests.release.xcconfig */;
			buildSettings = {
				ALWAYS_EMBED_SWIFT_STANDARD_LIBRARIES = YES;
				CODE_SIGN_STYLE = Automatic;
				DEVELOPMENT_TEAM = HTXAZ6X9VV;
				INFOPLIST_FILE = SearchGitHubUserAppUITests/Info.plist;
				LD_RUNPATH_SEARCH_PATHS = (
					"$(inherited)",
					"@executable_path/Frameworks",
					"@loader_path/Frameworks",
				);
				PRODUCT_BUNDLE_IDENTIFIER = com.portfolio.SearchGitHubUserAppUITests;
				PRODUCT_NAME = "$(TARGET_NAME)";
				SWIFT_VERSION = 5.0;
				TARGETED_DEVICE_FAMILY = "1,2";
				TEST_TARGET_NAME = SearchGitHubUserApp;
			};
			name = Release;
		};
/* End XCBuildConfiguration section */

/* Begin XCConfigurationList section */
		C15021A7243C8D6C00C3F01E /* Build configuration list for PBXProject "SearchGitHubUserApp" */ = {
			isa = XCConfigurationList;
			buildConfigurations = (
				C15021D4243C8D6D00C3F01E /* Debug */,
				C15021D5243C8D6D00C3F01E /* Release */,
			);
			defaultConfigurationIsVisible = 0;
			defaultConfigurationName = Release;
		};
		C15021D6243C8D6D00C3F01E /* Build configuration list for PBXNativeTarget "SearchGitHubUserApp" */ = {
			isa = XCConfigurationList;
			buildConfigurations = (
				C15021D7243C8D6D00C3F01E /* Debug */,
				C15021D8243C8D6D00C3F01E /* Release */,
			);
			defaultConfigurationIsVisible = 0;
			defaultConfigurationName = Release;
		};
		C15021D9243C8D6D00C3F01E /* Build configuration list for PBXNativeTarget "SearchGitHubUserAppTests" */ = {
			isa = XCConfigurationList;
			buildConfigurations = (
				C15021DA243C8D6D00C3F01E /* Debug */,
				C15021DB243C8D6D00C3F01E /* Release */,
			);
			defaultConfigurationIsVisible = 0;
			defaultConfigurationName = Release;
		};
		C15021DC243C8D6D00C3F01E /* Build configuration list for PBXNativeTarget "SearchGitHubUserAppUITests" */ = {
			isa = XCConfigurationList;
			buildConfigurations = (
				C15021DD243C8D6D00C3F01E /* Debug */,
				C15021DE243C8D6D00C3F01E /* Release */,
			);
			defaultConfigurationIsVisible = 0;
			defaultConfigurationName = Release;
		};
/* End XCConfigurationList section */
	};
	rootObject = C15021A4243C8D6C00C3F01E /* Project object */;
}
